
Microsoft Visual Studio Solution File, Format Version 12.00
# Visual Studio Version 17
VisualStudioVersion = 17.8.34330.188
MinimumVisualStudioVersion = 10.0.40219.1
Project("{FAE04EC0-301F-11D3-BF4B-00C04F79EFBC}") = "Battleship Game 2", "Battleship Game 2.csproj", "{205880DB-0027-425B-8F48-A3FF632EA7B5}"
EndProject
Global
	GlobalSection(SolutionConfigurationPlatforms) = preSolution
		Debug|Any CPU = Debug|Any CPU
		Release|Any CPU = Release|Any CPU
	EndGlobalSection
	GlobalSection(ProjectConfigurationPlatforms) = postSolution
		{205880DB-0027-425B-8F48-A3FF632EA7B5}.Debug|Any CPU.ActiveCfg = Debug|Any CPU
		{205880DB-0027-425B-8F48-A3FF632EA7B5}.Debug|Any CPU.Build.0 = Debug|Any CPU
		{205880DB-0027-425B-8F48-A3FF632EA7B5}.Release|Any CPU.ActiveCfg = Release|Any CPU
		{205880DB-0027-425B-8F48-A3FF632EA7B5}.Release|Any CPU.Build.0 = Release|Any CPU
	EndGlobalSection
	GlobalSection(SolutionProperties) = preSolution
		HideSolutionNode = FALSE
	EndGlobalSection
	GlobalSection(ExtensibilityGlobals) = postSolution
		SolutionGuid = {1FCC5926-0688-4C2D-AE8A-8C0DF2600172}
	EndGlobalSection
EndGlobal
